
Microsoft Visual Studio Solution File, Format Version 12.00
# Visual Studio Version 17
VisualStudioVersion = 17.11.35312.102
MinimumVisualStudioVersion = 10.0.40219.1
Project("{FAE04EC0-301F-11D3-BF4B-00C04F79EFBC}") = "ConsoleApp1", "ConsoleApp1\ConsoleApp1.csproj", "{78E45AF2-A69B-4D0E-827E-45C311DC172A}"
EndProject
Global
	GlobalSection(SolutionConfigurationPlatforms) = preSolution
		Debug|Any CPU = Debug|Any CPU
		Release|Any CPU = Release|Any CPU
	EndGlobalSection
	GlobalSection(ProjectConfigurationPlatforms) = postSolution
		{78E45AF2-A69B-4D0E-827E-45C311DC172A}.Debug|Any CPU.ActiveCfg = Debug|Any CPU
		{78E45AF2-A69B-4D0E-827E-45C311DC172A}.Debug|Any CPU.Build.0 = Debug|Any CPU
		{78E45AF2-A69B-4D0E-827E-45C311DC172A}.Release|Any CPU.ActiveCfg = Release|Any CPU
		{78E45AF2-A69B-4D0E-827E-45C311DC172A}.Release|Any CPU.Build.0 = Release|Any CPU
	EndGlobalSection
	GlobalSection(SolutionProperties) = preSolution
		HideSolutionNode = FALSE
	EndGlobalSection
	GlobalSection(ExtensibilityGlobals) = postSolution
		SolutionGuid = {67F89D61-236E-4725-8236-2E5D6BEAC1F7}
	EndGlobalSection
EndGlobal
